
Microsoft Visual Studio Solution File, Format Version 12.00
# Visual Studio Version 16
VisualStudioVersion = 16.0.31105.61
MinimumVisualStudioVersion = 10.0.40219.1
Project("{FAE04EC0-301F-11D3-BF4B-00C04F79EFBC}") = "Ej2", "Ej2\Ej2.csproj", "{529DC2F5-794E-4785-A9F3-2826016500EF}"
EndProject
Global
	GlobalSection(SolutionConfigurationPlatforms) = preSolution
		Debug|Any CPU = Debug|Any CPU
		Release|Any CPU = Release|Any CPU
	EndGlobalSection
	GlobalSection(ProjectConfigurationPlatforms) = postSolution
		{529DC2F5-794E-4785-A9F3-2826016500EF}.Debug|Any CPU.ActiveCfg = Debug|Any CPU
		{529DC2F5-794E-4785-A9F3-2826016500EF}.Debug|Any CPU.Build.0 = Debug|Any CPU
		{529DC2F5-794E-4785-A9F3-2826016500EF}.Release|Any CPU.ActiveCfg = Release|Any CPU
		{529DC2F5-794E-4785-A9F3-2826016500EF}.Release|Any CPU.Build.0 = Release|Any CPU
	EndGlobalSection
	GlobalSection(SolutionProperties) = preSolution
		HideSolutionNode = FALSE
	EndGlobalSection
	GlobalSection(ExtensibilityGlobals) = postSolution
		SolutionGuid = {27F3AA83-2974-42D3-87F7-BCDFB94C7793}
	EndGlobalSection
EndGlobal
